
Microsoft Visual Studio Solution File, Format Version 12.00
# Visual Studio 15
VisualStudioVersion = 15.0.28010.2046
MinimumVisualStudioVersion = 10.0.40219.1
Project("{9A19103F-16F7-4668-BE54-9A1E7A4F7556}") = "launcher-csharp", "launcher-csharp\launcher-csharp.csproj", "{F6F2A6AC-A907-45EB-BE75-849E2B89E52E}"
EndProject
Global
	GlobalSection(SolutionConfigurationPlatforms) = preSolution
		Debug|Any CPU = Debug|Any CPU
		Release|Any CPU = Release|Any CPU
	EndGlobalSection
	GlobalSection(ProjectConfigurationPlatforms) = postSolution
		{F6F2A6AC-A907-45EB-BE75-849E2B89E52E}.Debug|Any CPU.ActiveCfg = Debug|Any CPU
		{F6F2A6AC-A907-45EB-BE75-849E2B89E52E}.Debug|Any CPU.Build.0 = Debug|Any CPU
		{F6F2A6AC-A907-45EB-BE75-849E2B89E52E}.Release|Any CPU.ActiveCfg = Release|Any CPU
		{F6F2A6AC-A907-45EB-BE75-849E2B89E52E}.Release|Any CPU.Build.0 = Release|Any CPU
	EndGlobalSection
	GlobalSection(SolutionProperties) = preSolution
		HideSolutionNode = FALSE
	EndGlobalSection
	GlobalSection(ExtensibilityGlobals) = postSolution
		SolutionGuid = {4D55DE36-4AC1-4E20-8A32-D56A8EF4839C}
	EndGlobalSection
EndGlobal
