
Microsoft Visual Studio Solution File, Format Version 12.00
# Visual Studio Version 17
VisualStudioVersion = 17.2.32526.322
MinimumVisualStudioVersion = 10.0.40219.1
Project("{9A19103F-16F7-4668-BE54-9A1E7A4F7556}") = "launcher-csharp", "launcher-csharp.csproj", "{3B702BAC-3C63-4FA4-90C2-9F7CA2CBE4E4}"
EndProject
Global
	GlobalSection(SolutionConfigurationPlatforms) = preSolution
		Debug|Any CPU = Debug|Any CPU
		Release|Any CPU = Release|Any CPU
	EndGlobalSection
	GlobalSection(ProjectConfigurationPlatforms) = postSolution
		{3B702BAC-3C63-4FA4-90C2-9F7CA2CBE4E4}.Debug|Any CPU.ActiveCfg = Debug|Any CPU
		{3B702BAC-3C63-4FA4-90C2-9F7CA2CBE4E4}.Debug|Any CPU.Build.0 = Debug|Any CPU
		{3B702BAC-3C63-4FA4-90C2-9F7CA2CBE4E4}.Release|Any CPU.ActiveCfg = Release|Any CPU
		{3B702BAC-3C63-4FA4-90C2-9F7CA2CBE4E4}.Release|Any CPU.Build.0 = Release|Any CPU
	EndGlobalSection
	GlobalSection(SolutionProperties) = preSolution
		HideSolutionNode = FALSE
	EndGlobalSection
	GlobalSection(ExtensibilityGlobals) = postSolution
		SolutionGuid = {C12D1F91-DD5F-48E3-AA1E-9225E90D7E17}
	EndGlobalSection
EndGlobal
