
Microsoft Visual Studio Solution File, Format Version 12.00
# Visual Studio Version 16
VisualStudioVersion = 16.0.33214.272
MinimumVisualStudioVersion = 10.0.40219.1
Project("{9A19103F-16F7-4668-BE54-9A1E7A4F7556}") = "JWT-Console - VS2019", "JWT-Console - VS2019.csproj", "{A23AA1F5-82BD-44CC-AB96-815E24B4FBC1}"
EndProject
Global
	GlobalSection(SolutionConfigurationPlatforms) = preSolution
		Debug|Any CPU = Debug|Any CPU
		Release|Any CPU = Release|Any CPU
	EndGlobalSection
	GlobalSection(ProjectConfigurationPlatforms) = postSolution
		{A23AA1F5-82BD-44CC-AB96-815E24B4FBC1}.Debug|Any CPU.ActiveCfg = Debug|Any CPU
		{A23AA1F5-82BD-44CC-AB96-815E24B4FBC1}.Debug|Any CPU.Build.0 = Debug|Any CPU
		{A23AA1F5-82BD-44CC-AB96-815E24B4FBC1}.Release|Any CPU.ActiveCfg = Release|Any CPU
		{A23AA1F5-82BD-44CC-AB96-815E24B4FBC1}.Release|Any CPU.Build.0 = Release|Any CPU
	EndGlobalSection
	GlobalSection(SolutionProperties) = preSolution
		HideSolutionNode = FALSE
	EndGlobalSection
	GlobalSection(ExtensibilityGlobals) = postSolution
		SolutionGuid = {6B9D4E78-4299-44F0-8F18-7042283EE4EF}
	EndGlobalSection
EndGlobal
