
Microsoft Visual Studio Solution File, Format Version 12.00
# Visual Studio Version 16
VisualStudioVersion = 16.0.33214.272
MinimumVisualStudioVersion = 10.0.40219.1
Project("{9A19103F-16F7-4668-BE54-9A1E7A4F7556}") = "Quick_ACG - VS2019", "Quick_ACG - VS2019.csproj", "{732D5F91-456C-4792-9008-493ED6F03D62}"
EndProject
Global
	GlobalSection(SolutionConfigurationPlatforms) = preSolution
		Debug|Any CPU = Debug|Any CPU
		Release|Any CPU = Release|Any CPU
	EndGlobalSection
	GlobalSection(ProjectConfigurationPlatforms) = postSolution
		{732D5F91-456C-4792-9008-493ED6F03D62}.Debug|Any CPU.ActiveCfg = Debug|Any CPU
		{732D5F91-456C-4792-9008-493ED6F03D62}.Debug|Any CPU.Build.0 = Debug|Any CPU
		{732D5F91-456C-4792-9008-493ED6F03D62}.Release|Any CPU.ActiveCfg = Release|Any CPU
		{732D5F91-456C-4792-9008-493ED6F03D62}.Release|Any CPU.Build.0 = Release|Any CPU
	EndGlobalSection
	GlobalSection(SolutionProperties) = preSolution
		HideSolutionNode = FALSE
	EndGlobalSection
	GlobalSection(ExtensibilityGlobals) = postSolution
		SolutionGuid = {1E2E62CA-F08D-4C92-9245-C4D178287148}
	EndGlobalSection
EndGlobal
